<?xml version="1.0" encoding="utf-8"?>
<Project ToolsVersion="4.0" xmlns="http://schemas.microsoft.com/developer/msbuild/2003">
  <ItemGroup>
    <FxCompile Include="shaders\light_ps.hlsl">
      <Filter>Shaders</Filter>
    </FxCompile>
    <FxCompile Include="shaders\light_vs.hlsl">
      <Filter>Shaders</Filter>
    </FxCompile>
    <FxCompile Include="terrain_ps.hlsl">
      <Filter>Shaders</Filter>
    </FxCompile>
    <FxCompile Include="terrain_vs.hlsl">
      <Filter>Shaders</Filter>
    </FxCompile>
  </ItemGroup>
  <ItemGroup>
    <ClCompile Include="Main.cpp">
      <Filter>Source</Filter>
    </ClCompile>
    <ClCompile Include="LightShader.cpp">
      <Filter>Source</Filter>
    </ClCompile>
    <ClCompile Include="App1.cpp">
      <Filter>Source</Filter>
    </ClCompile>
    <ClCompile Include="TerrainShader.cpp">
      <Filter>Source</Filter>
    </ClCompile>
  </ItemGroup>
  <ItemGroup>
    <ClInclude Include="App1.h">
      <Filter>Headers</Filter>
    </ClInclude>
    <ClInclude Include="LightShader.h">
      <Filter>Headers</Filter>
    </ClInclude>
    <ClInclude Include="TerrainShader.h">
      <Filter>Headers</Filter>
    </ClInclude>
  </ItemGroup>
  <ItemGroup>
    <Filter Include="Shaders">
      <UniqueIdentifier>{fdb708f1-eed7-4911-8fca-d0733c39625e}</UniqueIdentifier>
    </Filter>
    <Filter Include="Headers">
      <UniqueIdentifier>{b93bd7bc-8dc3-4f81-8397-a50d0faaa0ee}</UniqueIdentifier>
    </Filter>
    <Filter Include="Source">
      <UniqueIdentifier>{bd9695cd-dd2c-44d1-9c00-fb2eca0a2b75}</UniqueIdentifier>
    </Filter>
  </ItemGroup>
</Project>