<?xml version="1.0" encoding="utf-8"?>
<Project ToolsVersion="4.0" xmlns="http://schemas.microsoft.com/developer/msbuild/2003">
  <ItemGroup>
    <FxCompile Include="shaders\light_ps.hlsl">
      <Filter>Shaders</Filter>
    </FxCompile>
    <FxCompile Include="shaders\light_vs.hlsl">
      <Filter>Shaders</Filter>
    </FxCompile>
    <FxCompile Include="terrain_ps.hlsl">
      <Filter>Shaders</Filter>
    </FxCompile>
    <FxCompile Include="terrain_vs.hlsl">
      <Filter>Shaders</Filter>
    </FxCompile>
    <FxCompile Include="water_ps.hlsl">
      <Filter>Shaders</Filter>
    </FxCompile>
    <FxCompile Include="water_vs.hlsl">
      <Filter>Shaders</Filter>
    </FxCompile>
    <FxCompile Include="depth_ps.hlsl">
      <Filter>Shaders</Filter>
    </FxCompile>
    <FxCompile Include="depth_vs.hlsl">
      <Filter>Shaders</Filter>
    </FxCompile>
    <FxCompile Include="texture_ps.hlsl">
      <Filter>Shaders</Filter>
    </FxCompile>
    <FxCompile Include="texture_vs.hlsl">
      <Filter>Shaders</Filter>
    </FxCompile>
    <FxCompile Include="terraindepth_ps.hlsl">
      <Filter>Shaders</Filter>
    </FxCompile>
    <FxCompile Include="terraindepth_vs.hlsl">
      <Filter>Shaders</Filter>
    </FxCompile>
    <FxCompile Include="drunk_vs.hlsl">
      <Filter>Shaders</Filter>
    </FxCompile>
    <FxCompile Include="drunk_ps.hlsl">
      <Filter>Shaders</Filter>
    </FxCompile>
    <FxCompile Include="terrain_tess_vs.hlsl">
      <Filter>Shaders</Filter>
    </FxCompile>
    <FxCompile Include="terrain_tess_ds.hlsl">
      <Filter>Shaders</Filter>
    </FxCompile>
    <FxCompile Include="terrain_tess_hs.hlsl">
      <Filter>Shaders</Filter>
    </FxCompile>
    <FxCompile Include="terrain_tess_ps.hlsl">
      <Filter>Shaders</Filter>
    </FxCompile>
    <FxCompile Include="terraindepth_ds.hlsl">
      <Filter>Shaders</Filter>
    </FxCompile>
    <FxCompile Include="terraindepth_hs.hlsl">
      <Filter>Shaders</Filter>
    </FxCompile>
    <FxCompile Include="water_tess_vs.hlsl">
      <Filter>Shaders</Filter>
    </FxCompile>
    <FxCompile Include="water_tess_ps.hlsl">
      <Filter>Shaders</Filter>
    </FxCompile>
    <FxCompile Include="water_tess_ds.hlsl">
      <Filter>Shaders</Filter>
    </FxCompile>
    <FxCompile Include="water_tess_hs.hlsl">
      <Filter>Shaders</Filter>
    </FxCompile>
    <FxCompile Include="sky_vs.hlsl">
      <Filter>Shaders</Filter>
    </FxCompile>
    <FxCompile Include="sky_ps.hlsl">
      <Filter>Shaders</Filter>
    </FxCompile>
  </ItemGroup>
  <ItemGroup>
    <ClCompile Include="Main.cpp">
      <Filter>Source</Filter>
    </ClCompile>
    <ClCompile Include="LightShader.cpp">
      <Filter>Source</Filter>
    </ClCompile>
    <ClCompile Include="App1.cpp">
      <Filter>Source</Filter>
    </ClCompile>
    <ClCompile Include="TerrainShader.cpp">
      <Filter>Source</Filter>
    </ClCompile>
    <ClCompile Include="WaterShader.cpp">
      <Filter>Source</Filter>
    </ClCompile>
    <ClCompile Include="TessellationPlane.cpp">
      <Filter>Source</Filter>
    </ClCompile>
    <ClCompile Include="DepthShader.cpp">
      <Filter>Source</Filter>
    </ClCompile>
    <ClCompile Include="TerrainDepthShader.cpp">
      <Filter>Source</Filter>
    </ClCompile>
    <ClCompile Include="DrunkShader.cpp">
      <Filter>Source</Filter>
    </ClCompile>
    <ClCompile Include="TerrainTessellationShader.cpp">
      <Filter>Source</Filter>
    </ClCompile>
    <ClCompile Include="WaterTessellationShader.cpp">
      <Filter>Source</Filter>
    </ClCompile>
    <ClCompile Include="SkyShader.cpp">
      <Filter>Source</Filter>
    </ClCompile>
    <ClCompile Include="WaterDepthShader.cpp">
      <Filter>Source</Filter>
    </ClCompile>
    <ClCompile Include="TextureShader.cpp">
      <Filter>Source</Filter>
    </ClCompile>
  </ItemGroup>
  <ItemGroup>
    <ClInclude Include="App1.h">
      <Filter>Headers</Filter>
    </ClInclude>
    <ClInclude Include="LightShader.h">
      <Filter>Headers</Filter>
    </ClInclude>
    <ClInclude Include="TerrainShader.h">
      <Filter>Headers</Filter>
    </ClInclude>
    <ClInclude Include="WaterShader.h">
      <Filter>Headers</Filter>
    </ClInclude>
    <ClInclude Include="TessellationPlane.h">
      <Filter>Headers</Filter>
    </ClInclude>
    <ClInclude Include="DepthShader.h">
      <Filter>Headers</Filter>
    </ClInclude>
    <ClInclude Include="TextureShader.h">
      <Filter>Headers</Filter>
    </ClInclude>
    <ClInclude Include="TerrainDepthShader.h">
      <Filter>Headers</Filter>
    </ClInclude>
    <ClInclude Include="DrunkShader.h">
      <Filter>Headers</Filter>
    </ClInclude>
    <ClInclude Include="utils.h">
      <Filter>Headers</Filter>
    </ClInclude>
    <ClInclude Include="TerrainTessellationShader.h">
      <Filter>Headers</Filter>
    </ClInclude>
    <ClInclude Include="WaterTessellationShader.h">
      <Filter>Headers</Filter>
    </ClInclude>
    <ClInclude Include="SkyShader.h">
      <Filter>Headers</Filter>
    </ClInclude>
    <ClInclude Include="WaterDepthShader.h">
      <Filter>Headers</Filter>
    </ClInclude>
  </ItemGroup>
  <ItemGroup>
    <Filter Include="Shaders">
      <UniqueIdentifier>{fdb708f1-eed7-4911-8fca-d0733c39625e}</UniqueIdentifier>
    </Filter>
    <Filter Include="Headers">
      <UniqueIdentifier>{b93bd7bc-8dc3-4f81-8397-a50d0faaa0ee}</UniqueIdentifier>
    </Filter>
    <Filter Include="Source">
      <UniqueIdentifier>{bd9695cd-dd2c-44d1-9c00-fb2eca0a2b75}</UniqueIdentifier>
    </Filter>
  </ItemGroup>
</Project>